{
  "name": "browser-3d-comparison",
  "lockfileVersion": 3,
  "requires": true,
  "packages": {
    "": {
      "dependencies": {
        "babylonjs": "^7.10.2",
        "babylonjs-loaders": "^7.10.2",
        "rstatsjs": "^1.0.1",
        "three": "^0.164.1"
      }
    },
    "node_modules/babylonjs": {
      "version": "7.10.2",
      "resolved": "https://registry.npmjs.org/babylonjs/-/babylonjs-7.10.2.tgz",
      "integrity": "sha512-7OBDdkif5uvTqcgv4AUjQscPQmCAm7lmzDVfXdqjHHTCcdv4wNywGlq8X0UtdoWiGWcCzxs/ncs2ZXRdMuF1zg==",
      "hasInstallScript": true
    },
    "node_modules/babylonjs-gltf2interface": {
      "version": "7.10.2",
      "resolved": "https://registry.npmjs.org/babylonjs-gltf2interface/-/babylonjs-gltf2interface-7.10.2.tgz",
      "integrity": "sha512-dRz84XlK5ByGVmqvxcUHlnnlgtmM6MP/6OnGMdCbvV9VQUecY4qo2QObxI6YjXR3aBurvsgSXNJv5Zh4crSxmw=="
    },
    "node_modules/babylonjs-loaders": {
      "version": "7.10.2",
      "resolved": "https://registry.npmjs.org/babylonjs-loaders/-/babylonjs-loaders-7.10.2.tgz",
      "integrity": "sha512-+wct6IXLjdFDyWmsirSM5kbeS6NSWEwhYfiwbO2TPkU/tuHyooO03OASuaMBxMaeJuj4twpZiUCRN091ZGRKiw==",
      "dependencies": {
        "babylonjs": "^7.10.2",
        "babylonjs-gltf2interface": "^7.10.2"
      }
    },
    "node_modules/rstatsjs": {
      "version": "1.0.1",
      "resolved": "https://registry.npmjs.org/rstatsjs/-/rstatsjs-1.0.1.tgz",
      "integrity": "sha512-WNZOul/QRj1qUzkGHwemvA31x8e1RmgrgJd7uHkR/SGfdajgRahlCscr+HvZHY16+E5M8T+e84h1z2gPqqfjVA=="
    },
    "node_modules/three": {
      "version": "0.164.1",
      "resolved": "https://registry.npmjs.org/three/-/three-0.164.1.tgz",
      "integrity": "sha512-iC/hUBbl1vzFny7f5GtqzVXYjMJKaTPxiCxXfrvVdBi1Sf+jhd1CAkitiFwC7mIBFCo3MrDLJG97yisoaWig0w=="
    }
  }
}
